
Microsoft Visual Studio Solution File, Format Version 12.00
# Visual Studio Version 16
VisualStudioVersion = 16.0.32228.343
MinimumVisualStudioVersion = 10.0.40219.1
Project("{FAE04EC0-301F-11D3-BF4B-00C04F79EFBC}") = "DragAndDropApp", "DragAndDropApp.csproj", "{AF2BE029-4DAF-40D0-8891-FDE715021717}"
EndProject
Global
	GlobalSection(SolutionConfigurationPlatforms) = preSolution
		Debug|Any CPU = Debug|Any CPU
		Release|Any CPU = Release|Any CPU
	EndGlobalSection
	GlobalSection(ProjectConfigurationPlatforms) = postSolution
		{AF2BE029-4DAF-40D0-8891-FDE715021717}.Debug|Any CPU.ActiveCfg = Debug|Any CPU
		{AF2BE029-4DAF-40D0-8891-FDE715021717}.Debug|Any CPU.Build.0 = Debug|Any CPU
		{AF2BE029-4DAF-40D0-8891-FDE715021717}.Release|Any CPU.ActiveCfg = Release|Any CPU
		{AF2BE029-4DAF-40D0-8891-FDE715021717}.Release|Any CPU.Build.0 = Release|Any CPU
	EndGlobalSection
	GlobalSection(SolutionProperties) = preSolution
		HideSolutionNode = FALSE
	EndGlobalSection
	GlobalSection(ExtensibilityGlobals) = postSolution
		SolutionGuid = {1C637DE0-0FD4-428F-B676-E86FCCB690D5}
	EndGlobalSection
EndGlobal
